PODS:
  - Flutter (1.0.0)
  - licence_plate_keyboard (0.0.1):
    - Flutter

DEPENDENCIES:
  - Flutter (from `Flutter`)
  - licence_plate_keyboard (from `.symlinks/plugins/licence_plate_keyboard/ios`)

EXTERNAL SOURCES:
  Flutter:
    :path: Flutter
  licence_plate_keyboard:
    :path: ".symlinks/plugins/licence_plate_keyboard/ios"

SPEC CHECKSUMS:
  Flutter: e0871f40cf51350855a761d2e70bf5af5b9b5de7
  licence_plate_keyboard: bec3b91a407daca10d02f2d44f8cec0841529e9c

PODFILE CHECKSUM: c4c93c5f6502fe2754f48404d3594bf779584011

COCOAPODS: 1.16.2
